
Microsoft Visual Studio Solution File, Format Version 12.00
# Visual Studio Version 16
VisualStudioVersion = 16.0.29806.167
MinimumVisualStudioVersion = 10.0.40219.1
Project("{FAE04EC0-301F-11D3-BF4B-00C04F79EFBC}") = "2.4", "2.4\2.4.csproj", "{56A12C12-6054-4A93-8DE1-0060E00B8D00}"
EndProject
Global
	GlobalSection(SolutionConfigurationPlatforms) = preSolution
		Debug|Any CPU = Debug|Any CPU
		Release|Any CPU = Release|Any CPU
	EndGlobalSection
	GlobalSection(ProjectConfigurationPlatforms) = postSolution
		{56A12C12-6054-4A93-8DE1-0060E00B8D00}.Debug|Any CPU.ActiveCfg = Debug|Any CPU
		{56A12C12-6054-4A93-8DE1-0060E00B8D00}.Debug|Any CPU.Build.0 = Debug|Any CPU
		{56A12C12-6054-4A93-8DE1-0060E00B8D00}.Release|Any CPU.ActiveCfg = Release|Any CPU
		{56A12C12-6054-4A93-8DE1-0060E00B8D00}.Release|Any CPU.Build.0 = Release|Any CPU
	EndGlobalSection
	GlobalSection(SolutionProperties) = preSolution
		HideSolutionNode = FALSE
	EndGlobalSection
	GlobalSection(ExtensibilityGlobals) = postSolution
		SolutionGuid = {C7DD7B4C-641F-4149-90E7-017B084964CB}
	EndGlobalSection
EndGlobal
